
Microsoft Visual Studio Solution File, Format Version 12.00
# Visual Studio Version 17
VisualStudioVersion = 17.6.33815.320
MinimumVisualStudioVersion = 10.0.40219.1
Project("{9A19103F-16F7-4668-BE54-9A1E7A4F7556}") = "ElasticSearchWithAspDotNetCoreWebApi", "ElasticSearchWithAspDotNetCoreWebApi\ElasticSearchWithAspDotNetCoreWebApi.csproj", "{AFDD583E-71F4-4891-9F83-1B5A1E06D747}"
EndProject
Project("{9A19103F-16F7-4668-BE54-9A1E7A4F7556}") = "ElasticSearchAspDotNetCoreWebApp", "ElasticSearchAspDotNetCoreWebApp\ElasticSearchAspDotNetCoreWebApp.csproj", "{F51B7625-C363-43CF-A748-AD5C9D9D83C6}"
EndProject
Global
	GlobalSection(SolutionConfigurationPlatforms) = preSolution
		Debug|Any CPU = Debug|Any CPU
		Release|Any CPU = Release|Any CPU
	EndGlobalSection
	GlobalSection(ProjectConfigurationPlatforms) = postSolution
		{AFDD583E-71F4-4891-9F83-1B5A1E06D747}.Debug|Any CPU.ActiveCfg = Debug|Any CPU
		{AFDD583E-71F4-4891-9F83-1B5A1E06D747}.Debug|Any CPU.Build.0 = Debug|Any CPU
		{AFDD583E-71F4-4891-9F83-1B5A1E06D747}.Release|Any CPU.ActiveCfg = Release|Any CPU
		{AFDD583E-71F4-4891-9F83-1B5A1E06D747}.Release|Any CPU.Build.0 = Release|Any CPU
		{F51B7625-C363-43CF-A748-AD5C9D9D83C6}.Debug|Any CPU.ActiveCfg = Debug|Any CPU
		{F51B7625-C363-43CF-A748-AD5C9D9D83C6}.Debug|Any CPU.Build.0 = Debug|Any CPU
		{F51B7625-C363-43CF-A748-AD5C9D9D83C6}.Release|Any CPU.ActiveCfg = Release|Any CPU
		{F51B7625-C363-43CF-A748-AD5C9D9D83C6}.Release|Any CPU.Build.0 = Release|Any CPU
	EndGlobalSection
	GlobalSection(SolutionProperties) = preSolution
		HideSolutionNode = FALSE
	EndGlobalSection
	GlobalSection(ExtensibilityGlobals) = postSolution
		SolutionGuid = {D7244997-0D3B-49EA-B093-9253A600D6F0}
	EndGlobalSection
EndGlobal
